
Microsoft Visual Studio Solution File, Format Version 12.00
# Visual Studio Version 17
VisualStudioVersion = 17.9.34607.119
MinimumVisualStudioVersion = 10.0.40219.1
Project("{2150E333-8FDC-42A3-9474-1A3956D46DE8}") = "src", "src", "{912B30D3-2464-4797-BB33-0FEC422A2701}"
EndProject
Project("{2150E333-8FDC-42A3-9474-1A3956D46DE8}") = "BackEnd", "BackEnd", "{17EA024C-6E06-4223-8793-1B64F5B39219}"
EndProject
Project("{2150E333-8FDC-42A3-9474-1A3956D46DE8}") = "FrontEnd", "FrontEnd", "{DAF0A784-362A-411D-9998-4CE6A0786692}"
EndProject
Project("{2150E333-8FDC-42A3-9474-1A3956D46DE8}") = "Common", "Common", "{76C45CF6-2CAD-4D2B-85AB-0AC8B121EA2D}"
EndProject
Project("{2150E333-8FDC-42A3-9474-1A3956D46DE8}") = "Infrastructure", "Infrastructure", "{B1C8613D-9C9C-42DE-B508-3E2F569FF256}"
EndProject
Project("{2150E333-8FDC-42A3-9474-1A3956D46DE8}") = "Modules", "Modules", "{682F9486-2055-470D-A320-D041596C708E}"
EndProject
Project("{FAE04EC0-301F-11D3-BF4B-00C04F79EFBC}") = "RestaurantePro.Common.Data", "RestaurantePro.Common.Data\RestaurantePro.Common.Data.csproj", "{C403C7D7-300C-4155-81DE-D855070E0B8C}"
EndProject
Project("{FAE04EC0-301F-11D3-BF4B-00C04F79EFBC}") = "RestaurantePro.Infrastructure", "RestaurantePro.Infrastructure\RestaurantePro.Infrastructure.csproj", "{032562C0-01C2-4B4C-808E-ED2F5DFDDB0D}"
EndProject
Project("{2150E333-8FDC-42A3-9474-1A3956D46DE8}") = "Cliente Management", "Cliente Management", "{D62E540B-89F1-4A44-A624-D9E3CDFD8492}"
EndProject
Project("{2150E333-8FDC-42A3-9474-1A3956D46DE8}") = "Apis", "Apis", "{6517D5E1-DDD8-4913-8A26-6CBC1BC7E483}"
EndProject
Project("{2150E333-8FDC-42A3-9474-1A3956D46DE8}") = "Application", "Application", "{D6FBD82C-9BA0-40C8-9C78-09EFA4E82994}"
EndProject
Project("{2150E333-8FDC-42A3-9474-1A3956D46DE8}") = "Domain", "Domain", "{D8EE41B3-BA8D-4E5E-817C-8B6F8C745FE0}"
EndProject
Project("{2150E333-8FDC-42A3-9474-1A3956D46DE8}") = "Persistance", "Persistance", "{0D2C1BF5-B1BB-451B-99D9-DC2B1E83BBE4}"
EndProject
Project("{FAE04EC0-301F-11D3-BF4B-00C04F79EFBC}") = "RestaurantePro.Cliente.Api", "RestaurantePro.Cliente.Api\RestaurantePro.Cliente.Api.csproj", "{121A718A-0CC1-4EFC-9FA8-3324014485A6}"
EndProject
Project("{FAE04EC0-301F-11D3-BF4B-00C04F79EFBC}") = "RestaurantePro.Cliente.Application", "RestaurantePro.Cliente.Application\RestaurantePro.Cliente.Application.csproj", "{8A8EA4D4-314E-4819-830F-BC7291778D7E}"
EndProject
Project("{FAE04EC0-301F-11D3-BF4B-00C04F79EFBC}") = "RestaurantePro.Cliente.Domain", "RestaurantePro.Cliente.Domain\RestaurantePro.Cliente.Domain.csproj", "{8C5D67FD-92FA-4534-B217-FE9FE28CC15B}"
EndProject
Global
	GlobalSection(SolutionConfigurationPlatforms) = preSolution
		Debug|Any CPU = Debug|Any CPU
		Release|Any CPU = Release|Any CPU
	EndGlobalSection
	GlobalSection(ProjectConfigurationPlatforms) = postSolution
		{C403C7D7-300C-4155-81DE-D855070E0B8C}.Debug|Any CPU.ActiveCfg = Debug|Any CPU
		{C403C7D7-300C-4155-81DE-D855070E0B8C}.Debug|Any CPU.Build.0 = Debug|Any CPU
		{C403C7D7-300C-4155-81DE-D855070E0B8C}.Release|Any CPU.ActiveCfg = Release|Any CPU
		{C403C7D7-300C-4155-81DE-D855070E0B8C}.Release|Any CPU.Build.0 = Release|Any CPU
		{032562C0-01C2-4B4C-808E-ED2F5DFDDB0D}.Debug|Any CPU.ActiveCfg = Debug|Any CPU
		{032562C0-01C2-4B4C-808E-ED2F5DFDDB0D}.Debug|Any CPU.Build.0 = Debug|Any CPU
		{032562C0-01C2-4B4C-808E-ED2F5DFDDB0D}.Release|Any CPU.ActiveCfg = Release|Any CPU
		{032562C0-01C2-4B4C-808E-ED2F5DFDDB0D}.Release|Any CPU.Build.0 = Release|Any CPU
		{121A718A-0CC1-4EFC-9FA8-3324014485A6}.Debug|Any CPU.ActiveCfg = Debug|Any CPU
		{121A718A-0CC1-4EFC-9FA8-3324014485A6}.Debug|Any CPU.Build.0 = Debug|Any CPU
		{121A718A-0CC1-4EFC-9FA8-3324014485A6}.Release|Any CPU.ActiveCfg = Release|Any CPU
		{121A718A-0CC1-4EFC-9FA8-3324014485A6}.Release|Any CPU.Build.0 = Release|Any CPU
		{8A8EA4D4-314E-4819-830F-BC7291778D7E}.Debug|Any CPU.ActiveCfg = Debug|Any CPU
		{8A8EA4D4-314E-4819-830F-BC7291778D7E}.Debug|Any CPU.Build.0 = Debug|Any CPU
		{8A8EA4D4-314E-4819-830F-BC7291778D7E}.Release|Any CPU.ActiveCfg = Release|Any CPU
		{8A8EA4D4-314E-4819-830F-BC7291778D7E}.Release|Any CPU.Build.0 = Release|Any CPU
		{8C5D67FD-92FA-4534-B217-FE9FE28CC15B}.Debug|Any CPU.ActiveCfg = Debug|Any CPU
		{8C5D67FD-92FA-4534-B217-FE9FE28CC15B}.Debug|Any CPU.Build.0 = Debug|Any CPU
		{8C5D67FD-92FA-4534-B217-FE9FE28CC15B}.Release|Any CPU.ActiveCfg = Release|Any CPU
		{8C5D67FD-92FA-4534-B217-FE9FE28CC15B}.Release|Any CPU.Build.0 = Release|Any CPU
	EndGlobalSection
	GlobalSection(SolutionProperties) = preSolution
		HideSolutionNode = FALSE
	EndGlobalSection
	GlobalSection(NestedProjects) = preSolution
		{17EA024C-6E06-4223-8793-1B64F5B39219} = {912B30D3-2464-4797-BB33-0FEC422A2701}
		{DAF0A784-362A-411D-9998-4CE6A0786692} = {912B30D3-2464-4797-BB33-0FEC422A2701}
		{76C45CF6-2CAD-4D2B-85AB-0AC8B121EA2D} = {17EA024C-6E06-4223-8793-1B64F5B39219}
		{B1C8613D-9C9C-42DE-B508-3E2F569FF256} = {17EA024C-6E06-4223-8793-1B64F5B39219}
		{682F9486-2055-470D-A320-D041596C708E} = {17EA024C-6E06-4223-8793-1B64F5B39219}
		{C403C7D7-300C-4155-81DE-D855070E0B8C} = {76C45CF6-2CAD-4D2B-85AB-0AC8B121EA2D}
		{032562C0-01C2-4B4C-808E-ED2F5DFDDB0D} = {B1C8613D-9C9C-42DE-B508-3E2F569FF256}
		{D62E540B-89F1-4A44-A624-D9E3CDFD8492} = {682F9486-2055-470D-A320-D041596C708E}
		{6517D5E1-DDD8-4913-8A26-6CBC1BC7E483} = {D62E540B-89F1-4A44-A624-D9E3CDFD8492}
		{D6FBD82C-9BA0-40C8-9C78-09EFA4E82994} = {D62E540B-89F1-4A44-A624-D9E3CDFD8492}
		{D8EE41B3-BA8D-4E5E-817C-8B6F8C745FE0} = {D62E540B-89F1-4A44-A624-D9E3CDFD8492}
		{0D2C1BF5-B1BB-451B-99D9-DC2B1E83BBE4} = {D62E540B-89F1-4A44-A624-D9E3CDFD8492}
		{121A718A-0CC1-4EFC-9FA8-3324014485A6} = {6517D5E1-DDD8-4913-8A26-6CBC1BC7E483}
		{8A8EA4D4-314E-4819-830F-BC7291778D7E} = {D6FBD82C-9BA0-40C8-9C78-09EFA4E82994}
		{8C5D67FD-92FA-4534-B217-FE9FE28CC15B} = {D8EE41B3-BA8D-4E5E-817C-8B6F8C745FE0}
	EndGlobalSection
	GlobalSection(ExtensibilityGlobals) = postSolution
		SolutionGuid = {AB6D25C9-6892-4279-8FAB-EA020200EDB5}
	EndGlobalSection
EndGlobal
